
Microsoft Visual Studio Solution File, Format Version 12.00
# Visual Studio Version 17
VisualStudioVersion = 17.5.33516.290
MinimumVisualStudioVersion = 10.0.40219.1
Project("{9A19103F-16F7-4668-BE54-9A1E7A4F7556}") = "LD58-Collector", "LD58-Collector.csproj", "{DA0C58F1-9B5D-4C7D-B666-FECF0B8C01FF}"
EndProject
Global
	GlobalSection(SolutionConfigurationPlatforms) = preSolution
		Debug|Any CPU = Debug|Any CPU
		Release|Any CPU = Release|Any CPU
	EndGlobalSection
	GlobalSection(ProjectConfigurationPlatforms) = postSolution
		{DA0C58F1-9B5D-4C7D-B666-FECF0B8C01FF}.Debug|Any CPU.ActiveCfg = Debug|Any CPU
		{DA0C58F1-9B5D-4C7D-B666-FECF0B8C01FF}.Debug|Any CPU.Build.0 = Debug|Any CPU
		{DA0C58F1-9B5D-4C7D-B666-FECF0B8C01FF}.Release|Any CPU.ActiveCfg = Release|Any CPU
		{DA0C58F1-9B5D-4C7D-B666-FECF0B8C01FF}.Release|Any CPU.Build.0 = Release|Any CPU
	EndGlobalSection
	GlobalSection(SolutionProperties) = preSolution
		HideSolutionNode = FALSE
	EndGlobalSection
	GlobalSection(ExtensibilityGlobals) = postSolution
		SolutionGuid = {A59F6D14-00EE-42CF-9A18-5EF3E2C42E10}
	EndGlobalSection
EndGlobal
